hash: 392df8e322fab0decc8fcbc6284fc3048058567ab9f6997a44f8eda05b095e7e
updated: 2016-08-08T10:26:47.0896691+02:00
imports:
- name: github.com/asaskevich/govalidator
  version: 7664702784775e51966f0885f5cd27435916517b
- name: github.com/BurntSushi/toml
  version: 99064174e013895bbd9b025c31100bd1d9b590ca
- name: github.com/cenk/backoff
  version: cdf48bbc1eb78d1349cbda326a4a037f7ba565c6
- name: github.com/davecgh/go-spew
  version: 5215b55f46b2b919f50a1df0eaa5886afe4e3b3d
  subpackages:
  - spew
- name: github.com/fsnotify/fsnotify
  version: a8a77c9133d2d6fd8334f3260d06f60e8d80a5fb
- name: github.com/go-errors/errors
  version: a41850380601eeb43f4350f7d17c6bbd8944aaf8
- name: github.com/golang/protobuf
  version: 552c7b9542c194800fd493123b3798ef0a832032
  subpackages:
  - proto
- name: github.com/hailocab/go-hostpool
  version: e80d13ce29ede4452c43dea11e79b9bc8a15b478
- name: github.com/hashicorp/hcl
  version: d8c773c4cba11b11539e3d45f93daeaa5dcf1fa1
  subpackages:
  - hcl/ast
  - hcl/parser
  - hcl/scanner
  - hcl/strconv
  - hcl/token
  - json/parser
  - json/scanner
  - json/token
- name: github.com/inconshreveable/mousetrap
  version: 76626ae9c91c4f2a10f34cad8ce83ea42c93bb75
- name: github.com/julienschmidt/httprouter
  version: 8c199fb6259ffc1af525cc3ad52ee60ba8359669
- name: github.com/kr/fs
  version: 2788f0dbd16903de03cb8186e5c7d97b69ad387b
- name: github.com/magiconair/properties
  version: b3f6dd549956e8a61ea4a686a1c02a33d5bdda4b
- name: github.com/meatballhat/negroni-logrus
  version: 7c570a907cfc69cdc004ad506c6f5e234815b936
- name: github.com/mitchellh/mapstructure
  version: 21a35fb16463dfb7c8eee579c65d995d95e64d1e
- name: github.com/moul/http2curl
  version: b1479103caacaa39319f75e7f57fc545287fca0d
- name: github.com/oleiade/reflections
  version: 632977f98cd34d217c4b57d0840ec188b3d3dcaf
- name: github.com/ory-am/common
  version: 930cc805232909c38f2e68310b1e21f71b056d59
  subpackages:
  - compiler
  - env
  - pkg
  - rand/sequence
- name: github.com/ory-am/fosite
  version: 5f1851b088e9f087a7bd3e7beca4c3112418fcfc
  subpackages:
  - compose
  - fosite-example/pkg
  - handler/oauth2
  - handler/openid
  - hash
  - rand
  - token/hmac
  - token/jwt
- name: github.com/ory-am/ladon
  version: 240428c11cbd13d217d43660afbce73ebfad2b5f
- name: github.com/parnurzeal/gorequest
  version: e213a02fb0082d41e66996deeaab5ae96039d913
- name: github.com/pborman/uuid
  version: a97ce2ca70fa5a848076093f05e639a89ca34d06
- name: github.com/pkg/errors
  version: 01fa4104b9c248c8945d14d9f128454d5b28d595
- name: github.com/pkg/profile
  version: 1c16f117a3ab788fdf0e334e623b8bccf5679866
- name: github.com/pkg/sftp
  version: a71e8f580e3b622ebff585309160b1cc549ef4d2
- name: github.com/pmezard/go-difflib
  version: 792786c7400a136282c1664665ae0a8db921c6c2
  subpackages:
  - difflib
- name: github.com/Sirupsen/logrus
  version: 4b6ea7319e214d98c938f12692336f7ca9348d6b
- name: github.com/spf13/afero
  version: cc9c21814bb945440253108c4d3c65c85aac3c68
  subpackages:
  - mem
  - sftp
- name: github.com/spf13/cast
  version: e31f36ffc91a2ba9ddb72a4b6a607ff9b3d3cb63
- name: github.com/spf13/cobra
  version: 7c674d9e72017ed25f6d2b5e497a1368086b6a6f
- name: github.com/spf13/jwalterweatherman
  version: 33c24e77fb80341fe7130ee7c594256ff08ccc46
- name: github.com/spf13/pflag
  version: f676131e2660dc8cd88de99f7486d34aa8172635
- name: github.com/spf13/viper
  version: 346299ea79e446ebdddb834371ceba2e5926b732
- name: github.com/square/go-jose
  version: e3f973b66b91445ec816dd7411ad1b6495a5a2fc
  subpackages:
  - json
- name: github.com/stretchr/testify
  version: f390dcf405f7b83c997eac1b06768bb9f44dec18
  subpackages:
  - assert
  - require
- name: github.com/toqueteos/webbrowser
  version: 21fc9f95c83442fd164094666f7cb4f9fdd56cd6
- name: github.com/urfave/negroni
  version: fde5e16d32adc7ad637e9cd9ad21d4ebc6192535
- name: golang.org/x/crypto
  version: e0d166c33c321d0ff863f459a5882096e334f508
  subpackages:
  - bcrypt
  - blowfish
  - curve25519
  - ed25519
  - ed25519/internal/edwards25519
  - pbkdf2
  - ssh
- name: golang.org/x/net
  version: 075e191f18186a8ff2becaf64478e30f4545cdad
  subpackages:
  - context
  - publicsuffix
- name: golang.org/x/oauth2
  version: 04e1573abc896e70388bd387a69753c378d46466
  subpackages:
  - clientcredentials
  - internal
- name: golang.org/x/sys
  version: 50c6bc5e4292a1d4e65c6e9be5f53be28bcbe28e
  subpackages:
  - unix
- name: golang.org/x/text
  version: 2910a502d2bf9e43193af9d68ca516529614eed3
  subpackages:
  - transform
  - unicode/norm
- name: google.golang.org/appengine
  version: b4728023490a62e70ba739ff62aa65ffcca84210
  subpackages:
  - internal
  - internal/base
  - internal/datastore
  - internal/log
  - internal/remote_api
  - internal/urlfetch
  - urlfetch
- name: gopkg.in/dancannon/gorethink.v2
  version: 27d3045458910e2fc56025a0b52caaaa96414a26
  subpackages:
  - encoding
  - ql2
  - types
- name: gopkg.in/dgrijalva/jwt-go.v2
  version: d2709f9f1f31ebcda9651b03077758c1f3a0018c
- name: gopkg.in/fatih/pool.v2
  version: cba550ebf9bce999a02e963296d4bc7a486cb715
- name: gopkg.in/square/go-jose.v1
  version: e3f973b66b91445ec816dd7411ad1b6495a5a2fc
  subpackages:
  - cipher
  - json
- name: gopkg.in/tylerb/graceful.v1
  version: c838c13b2beeea4f4f54496da96a3a6ae567c37a
- name: gopkg.in/yaml.v2
  version: e4d366fc3c7938e2958e662b4258c7a89e1f0e3e
testImports:
- name: camlistore.org
  version: 364ed6be3e5223f2385fcf873dc8d20a88b4e66b
  subpackages:
  - pkg/netutil
- name: github.com/go-sql-driver/mysql
  version: 1421caf44f6464fd2ee8de694c7508ee13f92964
- name: github.com/gorilla/context
  version: aed02d124ae4a0e94fea4541c8effd05bf0c8296
- name: github.com/gorilla/mux
  version: 0eeaf8392f5b04950925b8a69fe70f110fa7cbfc
- name: github.com/lib/pq
  version: 69552e54d2a9d4c6a2438926a774930f7bc398ec
  subpackages:
  - oid
- name: github.com/ory-am/dockertest
  version: d19a39062e37826665d14ab003714308f9c1f3d0
