# This file is autogenerated, do not edit; changes may be undone by the next 'dep ensure'.


[[projects]]
  branch = "master"
  digest = "1:6da51e5ec493ad2b44cb04129e2d0a068c8fb9bd6cb5739d199573558696bb94"
  name = "github.com/Azure/go-ansiterm"
  packages = [
    ".",
    "winterm",
  ]
  pruneopts = "UT"
  revision = "d6e3b3328b783f23731bc4d058875b0371ff8109"

[[projects]]
  digest = "1:f9ae348e1f793dcf9ed930ed47136a67343dbd6809c5c91391322267f4476892"
  name = "github.com/Microsoft/go-winio"
  packages = ["."]
  pruneopts = "UT"
  revision = "97e4973ce50b2ff5f09635a57e2b88a037aae829"
  version = "v0.4.11"

[[projects]]
  branch = "master"
  digest = "1:3721a10686511b80c052323423f0de17a8c06d417dbdd3b392b1578432a33aae"
  name = "github.com/Nvveen/Gotty"
  packages = ["."]
  pruneopts = "UT"
  revision = "cd527374f1e5bff4938207604a14f2e38a9cf512"

[[projects]]
  digest = "1:a0651181a0e004e30a8acb6fbefafdbc94da0424f2ebce05c0741cd4a131c3b1"
  name = "github.com/asaskevich/govalidator"
  packages = ["."]
  pruneopts = "UT"
  revision = "4918b99a7cb949bb295f3c7bbaf24b577d806e35"
  version = "v6"

[[projects]]
  digest = "1:2209584c0f7c9b68c23374e659357ab546e1b70eec2761f03280f69a8fd23d77"
  name = "github.com/cenkalti/backoff"
  packages = ["."]
  pruneopts = "UT"
  revision = "2ea60e5f094469f9e65adb9cd103795b73ae743e"
  version = "v2.0.0"

[[projects]]
  branch = "master"
  digest = "1:4a029051269e04c040c092eb4ddd92732f8f3a3921a8b43b82b30804e00f3357"
  name = "github.com/containerd/continuity"
  packages = ["pathdriver"]
  pruneopts = "UT"
  revision = "7f53d412b9eb1cbf744c2063185d703a0ee34700"

[[projects]]
  digest = "1:667f41be124637d8af08d9163be07cc718ae291bc590b6a91047c94b25ef0753"
  name = "github.com/davecgh/go-spew"
  packages = ["spew"]
  pruneopts = "UT"
  revision = "6d212800a42e8ab5c146b8ace3490ee17e5225f9"

[[projects]]
  digest = "1:d912bf9afc98bbb6539ea99c9ac3e83119853310dd1a3aec1583d76f340ece27"
  name = "github.com/dgrijalva/jwt-go"
  packages = ["."]
  pruneopts = "UT"
  revision = "d2709f9f1f31ebcda9651b03077758c1f3a0018c"
  version = "v3.0.0"

[[projects]]
  digest = "1:87dcb59127512b84097086504c16595cf8fef35b9e0bfca565dfc06e198158d7"
  name = "github.com/docker/go-connections"
  packages = ["nat"]
  pruneopts = "UT"
  revision = "3ede32e2033de7505e6500d6c868c2b9ed9f169d"
  version = "v0.3.0"

[[projects]]
  digest = "1:6f82cacd0af5921e99bf3f46748705239b36489464f4529a1589bc895764fb18"
  name = "github.com/docker/go-units"
  packages = ["."]
  pruneopts = "UT"
  revision = "47565b4f722fb6ceae66b95f853feed578a4a51c"
  version = "v0.3.3"

[[projects]]
  digest = "1:38c783cf85b9454cc02a1a8319239800ed0af6c1c864adf19cea0539e134adad"
  name = "github.com/fsnotify/fsnotify"
  packages = ["."]
  pruneopts = "UT"
  revision = "4da3e2cfbabc9f751898f250b49f2439785783a1"

[[projects]]
  digest = "1:850c49ca338a10fec2cb9e78f793043ed23965489d09e30bcc19fe29719da313"
  name = "github.com/go-sql-driver/mysql"
  packages = ["."]
  pruneopts = "UT"
  revision = "a0583e0143b1624142adab07e0e97fe106d99561"
  version = "v1.3.0"

[[projects]]
  digest = "1:9b0e71863f18fc5de645a263184c8a6409ae731e847b35b25da4be818f1975fa"
  name = "github.com/golang/protobuf"
  packages = ["proto"]
  pruneopts = "UT"
  revision = "130e6b02ab059e7b717a096f397c5b60111cae74"

[[projects]]
  digest = "1:160eabf7a69910fd74f29c692718bc2437c1c1c7d4c9dea9712357752a70e5df"
  name = "github.com/gorilla/context"
  packages = ["."]
  pruneopts = "UT"
  revision = "1ea25387ff6f684839d82767c1733ff4d4d15d0a"
  version = "v1.1"

[[projects]]
  digest = "1:e72d1ebb8d395cf9f346fd9cbc652e5ae222dd85e0ac842dc57f175abed6d195"
  name = "github.com/gorilla/securecookie"
  packages = ["."]
  pruneopts = "UT"
  revision = "e59506cc896acb7f7bf732d4fdf5e25f7ccd8983"
  version = "v1.1.1"

[[projects]]
  digest = "1:e088abc94b4678eb30d09467df7ac2828712aa5e16d1e390f81074dc48c3b96d"
  name = "github.com/gorilla/sessions"
  packages = ["."]
  pruneopts = "UT"
  revision = "ca9ada44574153444b00d3fd9c8559e4cc95f896"
  version = "v1.1"

[[projects]]
  branch = "master"
  digest = "1:8ec8d88c248041a6df5f6574b87bc00e7e0b493881dad2e7ef47b11dc69093b5"
  name = "github.com/hashicorp/golang-lru"
  packages = [
    ".",
    "simplelru",
  ]
  pruneopts = "UT"
  revision = "20f1fb78b0740ba8c3cb143a61e86ba5c8669768"

[[projects]]
  digest = "1:0cc41614b3e08ddd96e6adc1a8c4099cfb4e5ea0a220659e6c8cbd4572a00ff2"
  name = "github.com/hashicorp/hcl"
  packages = [
    ".",
    "hcl/ast",
    "hcl/parser",
    "hcl/scanner",
    "hcl/strconv",
    "hcl/token",
    "json/parser",
    "json/scanner",
    "json/token",
  ]
  pruneopts = "UT"
  revision = "42e33e2d55a0ff1d6263f738896ea8c13571a8d0"

[[projects]]
  digest = "1:0fa4d98debce35ae33c2b6d3cde2af9cd8bc24eb6582b372e5ce4941d6451fbe"
  name = "github.com/imdario/mergo"
  packages = ["."]
  pruneopts = "UT"
  revision = "3e95a51e0639b4cf372f2ccf74c86749d747fbdc"
  version = "0.2.2"

[[projects]]
  digest = "1:870d441fe217b8e689d7949fef6e43efbc787e50f200cb1e70dbca9204a1d6be"
  name = "github.com/inconshreveable/mousetrap"
  packages = ["."]
  pruneopts = "UT"
  revision = "76626ae9c91c4f2a10f34cad8ce83ea42c93bb75"
  version = "v1.0"

[[projects]]
  digest = "1:2bf6fb52354b7f2f3d2bc4c0c0f5e6c5d11aea4b791a9fdc93dbc9978c23a4f0"
  name = "github.com/jehiah/go-strftime"
  packages = ["."]
  pruneopts = "UT"
  revision = "834e15c05a45371503440cc195bbd05c9a0968d9"

[[projects]]
  branch = "master"
  digest = "1:7654989089e5bd5b6734ec3be8b695e87d3f1f8d95620b343fd7d3995a5b60d7"
  name = "github.com/jmoiron/sqlx"
  packages = [
    ".",
    "reflectx",
  ]
  pruneopts = "UT"
  revision = "0dae4fefe7c0e190f7b5a78dac28a1c82cc8d849"

[[projects]]
  digest = "1:ccfa094742ce1c97fd3f6481e1bf98f3d9862510eee2bc0eb56e2745396bd330"
  name = "github.com/julienschmidt/httprouter"
  packages = ["."]
  pruneopts = "UT"
  revision = "8c199fb6259ffc1af525cc3ad52ee60ba8359669"
  version = "v1.1"

[[projects]]
  branch = "master"
  digest = "1:f44d34fda864bed6d6c71514cd40b2ee097e6e67f745d5d014113e1faa5af8b7"
  name = "github.com/konsorten/go-windows-terminal-sequences"
  packages = ["."]
  pruneopts = "UT"
  revision = "b729f2633dfe35f4d1d8a32385f6685610ce1cb5"

[[projects]]
  digest = "1:bbc14b637e80a8107b13816d2dbdcb0850868609db6d361807a5081020c62ef0"
  name = "github.com/lib/pq"
  packages = [
    ".",
    "oid",
  ]
  pruneopts = "UT"
  revision = "30d59eaf01528a141f560f34f0208e0ec5218e75"

[[projects]]
  digest = "1:d1ee0681f10d655d83f1bb8e0922a5ffc420c9a1982b4fb9be7c41ec41781e86"
  name = "github.com/magiconair/properties"
  packages = ["."]
  pruneopts = "UT"
  revision = "8d7837e64d3c1ee4e54a880c5a920ab4316fc90a"

[[projects]]
  branch = "master"
  digest = "1:757ea7d08e5b49d8a6f240597e1158130e5988b891433e9b941e11d39d9fc29d"
  name = "github.com/meatballhat/negroni-logrus"
  packages = ["."]
  pruneopts = "UT"
  revision = "31067281800f66f57548a7a32d9c6c5f963fef83"

[[projects]]
  digest = "1:3d64942cc75c655215a64496e35a2ca1a30ee0007cd24f41b57631486f3d083c"
  name = "github.com/mitchellh/mapstructure"
  packages = ["."]
  pruneopts = "UT"
  revision = "d0303fe809921458f417bcf828397a65db30a7e4"

[[projects]]
  branch = "master"
  digest = "1:84bd7f8a2e0bcd53ddc33c3b47c34c1fe340c8632cbe928f7f8ae10ec6ecdd62"
  name = "github.com/mohae/deepcopy"
  packages = ["."]
  pruneopts = "UT"
  revision = "c48cc78d482608239f6c4c92a4abd87eb8761c90"

[[projects]]
  branch = "master"
  digest = "1:7aefb397a53fc437c90f0fdb3e1419c751c5a3a165ced52325d5d797edf1aca6"
  name = "github.com/moul/http2curl"
  packages = ["."]
  pruneopts = "UT"
  revision = "9ac6cf4d929b2fa8fd2d2e6dec5bb0feb4f4911d"

[[projects]]
  digest = "1:1919e36a53e2297eca9d3516ca358dec92257fe0de3361351e09400c91d65d5e"
  name = "github.com/oleiade/reflections"
  packages = ["."]
  pruneopts = "UT"
  revision = "2b6ec3da648e3e834dc41bad8d9ed7f2dc6a9496"
  version = "v1.0.0"

[[projects]]
  branch = "master"
  digest = "1:bc62c2c038cc8ae51b68f6d52570501a763bb71e78736a9f65d60762429864a9"
  name = "github.com/opencontainers/go-digest"
  packages = ["."]
  pruneopts = "UT"
  revision = "c9281466c8b2f606084ac71339773efd177436e7"

[[projects]]
  digest = "1:11db38d694c130c800d0aefb502fb02519e514dc53d9804ce51d1ad25ec27db6"
  name = "github.com/opencontainers/image-spec"
  packages = [
    "specs-go",
    "specs-go/v1",
  ]
  pruneopts = "UT"
  revision = "d60099175f88c47cd379c4738d158884749ed235"
  version = "v1.0.1"

[[projects]]
  digest = "1:e1945a9a8aff7a8504d8e3143e40bc891ccadf9ba1b2f615e8227729ce828c34"
  name = "github.com/opencontainers/runc"
  packages = ["libcontainer/user"]
  pruneopts = "UT"
  revision = "4fc53a81fb7c994640722ac585fa9ca548971871"
  version = "v1.0.0-rc5"

[[projects]]
  digest = "1:06e4ba1e552a7facb2e5b59e608140892fb44c7bffb856f0c076d1ba68a0dab5"
  name = "github.com/ory/dockertest"
  packages = [
    ".",
    "docker",
    "docker/opts",
    "docker/pkg/archive",
    "docker/pkg/fileutils",
    "docker/pkg/homedir",
    "docker/pkg/idtools",
    "docker/pkg/ioutils",
    "docker/pkg/jsonmessage",
    "docker/pkg/longpath",
    "docker/pkg/mount",
    "docker/pkg/pools",
    "docker/pkg/stdcopy",
    "docker/pkg/system",
    "docker/pkg/term",
    "docker/pkg/term/windows",
    "docker/types",
    "docker/types/blkiodev",
    "docker/types/container",
    "docker/types/filters",
    "docker/types/mount",
    "docker/types/network",
    "docker/types/registry",
    "docker/types/strslice",
    "docker/types/versions",
  ]
  pruneopts = "UT"
  revision = "9f1141b78507d23603f6be530587664ebb63a8d2"
  version = "v3.3.2"

[[projects]]
  branch = "v_0.10.1"
  digest = "1:6d85381c015222d3cc663d045c9fdd5d41cd396aefc37f72dce30ff5f5928d9d"
  name = "github.com/ory/fosite"
  packages = [
    ".",
    "compose",
    "handler/oauth2",
    "handler/openid",
    "storage",
    "token/hmac",
    "token/jwt",
  ]
  pruneopts = "UT"
  revision = "ec793ab55310f69453ef6242abb52edfd2dfa19e"
  source = "https://github.com/coupa/fosite"

[[projects]]
  digest = "1:b13d02ca6486fa869211a39cb63fbb76778b71484f56ba2d19a0158cb14b7e5b"
  name = "github.com/ory/graceful"
  packages = ["."]
  pruneopts = "UT"
  revision = "3d30c83329259f53a904d428b38d8cb8fba7bd77"
  version = "v0.1.0"

[[projects]]
  digest = "1:cfabef830c772a9a1338d493380c28db2849e2e9cde91b3435da34a3f7cc6c7f"
  name = "github.com/ory/herodot"
  packages = ["."]
  pruneopts = "UT"
  revision = "5bb399b8a5aa583343a2108e723b990432b4a1b4"
  version = "0.1.1"

[[projects]]
  digest = "1:3185055968117ae090f72af1c8a63892dff92528d00a87baeb07aa187c113a12"
  name = "github.com/ory/ladon"
  packages = [
    ".",
    "compiler",
    "manager/memory",
    "manager/sql",
  ]
  pruneopts = "UT"
  revision = "76e069e27b002d186005c14b1f1b86472cc209f2"
  version = "v0.8.10"

[[projects]]
  branch = "master"
  digest = "1:e02d257575d5b923ee86a20ac84e965c8abd2fe0b306194412ed38f1aca1ca17"
  name = "github.com/ory/pagination"
  packages = ["."]
  pruneopts = "UT"
  revision = "05947c3e39e20ec964d080560c15368e9a7b9618"

[[projects]]
  digest = "1:361de06aa7ae272616cbe71c3994a654cc6316324e30998e650f7765b20c5b33"
  name = "github.com/pborman/uuid"
  packages = ["."]
  pruneopts = "UT"
  revision = "e790cca94e6cc75c7064b1332e63811d4aae1a53"
  version = "v1.1"

[[projects]]
  digest = "1:e571f41aec111da462297976a646a51d0433c0538953c9ac26fe643723220ff9"
  name = "github.com/pelletier/go-toml"
  packages = ["."]
  pruneopts = "UT"
  revision = "2009e44b6f182e34d8ce081ac2767622937ea3d4"

[[projects]]
  digest = "1:40e195917a951a8bf867cd05de2a46aaf1806c50cf92eebf4c16f78cd196f747"
  name = "github.com/pkg/errors"
  packages = ["."]
  pruneopts = "UT"
  revision = "645ef00459ed84a119197bfb8d8205042c6df63d"
  version = "v0.8.0"

[[projects]]
  digest = "1:cfa0d7741863a0e1d30e0ccdd4b48a96a471cdb47892303de8b92c3713af3e77"
  name = "github.com/pkg/profile"
  packages = ["."]
  pruneopts = "UT"
  revision = "5b67d428864e92711fcbd2f8629456121a56d91f"
  version = "v1.2.1"

[[projects]]
  digest = "1:08413c4235cad94a96c39e1e2f697789733c4a87d1fdf06b412d2cf2ba49826a"
  name = "github.com/pmezard/go-difflib"
  packages = ["difflib"]
  pruneopts = "UT"
  revision = "d8ed2627bdf02c080bf22230dbb337003b7aba2d"

[[projects]]
  branch = "master"
  digest = "1:cd638908d04442c8b6afd5d0221c21556e76c5e7130448ca97d249b47d66dd41"
  name = "github.com/rubenv/sql-migrate"
  packages = [
    ".",
    "sqlparse",
  ]
  pruneopts = "UT"
  revision = "3f452fc0ebebbb784fdab91f7bc79a31dcacab5c"

[[projects]]
  digest = "1:c17847cfbf41a97d1627e842eda1215d44eaf443af94725122426c069b35012b"
  name = "github.com/segmentio/analytics-go"
  packages = ["."]
  pruneopts = "UT"
  revision = "bdb0aeca8a993b292b85c9ec17b5ce0ff81848c8"

[[projects]]
  branch = "master"
  digest = "1:ec22607298efbafb122c4e4b2ca8ceb6c4ec1ba72e74705b84f9f2ce8ee77984"
  name = "github.com/segmentio/backo-go"
  packages = ["."]
  pruneopts = "UT"
  revision = "204274ad699c0983a70203a566887f17a717fef4"

[[projects]]
  digest = "1:dc2d85c13ac22c22a1f3170a41a8e1b897fa05134aaf533f16df44f66a25b4a1"
  name = "github.com/sirupsen/logrus"
  packages = ["."]
  pruneopts = "UT"
  revision = "a67f783a3814b8729bd2dac5780b5f78f8dbd64d"
  version = "v1.1.0"

[[projects]]
  digest = "1:929ff9cb53ef18941beb32733b352c92fff0e0be24b29470a487572a528457e0"
  name = "github.com/spf13/afero"
  packages = [
    ".",
    "mem",
  ]
  pruneopts = "UT"
  revision = "e67d870304c4bca21331b02f414f970df13aa694"

[[projects]]
  digest = "1:9b28ee2984c69d78afe2ce52b1650ba91a6381f355ff08c1d0e53d9e66bd62fe"
  name = "github.com/spf13/cast"
  packages = ["."]
  pruneopts = "UT"
  revision = "acbeb36b902d72a7a4c18e8f3241075e7ab763e4"
  version = "v1.1.0"

[[projects]]
  digest = "1:96215a6abedcddda68ca94275c7a149a6b68c80e6d86da3a5cf10b547495824c"
  name = "github.com/spf13/cobra"
  packages = ["."]
  pruneopts = "UT"
  revision = "4d6af280c76ff7d266434f2dba207c4b75dfc076"

[[projects]]
  digest = "1:9f28b7e326b8cd1db556678b7ce679cf9bf888647e40922f91d9d40f451f942b"
  name = "github.com/spf13/jwalterweatherman"
  packages = ["."]
  pruneopts = "UT"
  revision = "12bd96e66386c1960ab0f74ced1362f66f552f7b"

[[projects]]
  digest = "1:a1d642a9c6d37918d624766ad0a40ef985ffc211146f57c4c80168563ee6d4d1"
  name = "github.com/spf13/pflag"
  packages = ["."]
  pruneopts = "UT"
  revision = "a9789e855c7696159b7db0db7f440b449edf2b31"

[[projects]]
  digest = "1:ed194b4b788139090b74d2fe13c62ae30417e2a2765c9a975a44ae3b1f1675d8"
  name = "github.com/spf13/viper"
  packages = ["."]
  pruneopts = "UT"
  revision = "d9cca5ef33035202efb1586825bdbb15ff9ec3ba"

[[projects]]
  digest = "1:05f710572370b6777d1027a1b97e2cb8250375e7fa470ca1a04575c23b76105a"
  name = "github.com/square/go-jose"
  packages = [
    ".",
    "json",
  ]
  pruneopts = "UT"
  revision = "f8f38de21b4dcd69d0413faf231983f5fd6634b1"
  version = "v2.1.3"

[[projects]]
  digest = "1:db1eb3ddc46067e4cda85237f4026899a8919a88fadde3c19be25e689e5e7fe2"
  name = "github.com/stretchr/testify"
  packages = [
    "assert",
    "require",
  ]
  pruneopts = "UT"
  revision = "69483b4bd14f5845b5a1e55bca19e954e827f1d0"
  version = "v1.1.4"

[[projects]]
  digest = "1:c3ff4777507a3a6df553462220e76f25392ab95eaac5682889a0a20c7b8aa844"
  name = "github.com/toqueteos/webbrowser"
  packages = ["."]
  pruneopts = "UT"
  revision = "21fc9f95c83442fd164094666f7cb4f9fdd56cd6"
  version = "v1.0"

[[projects]]
  digest = "1:f5c90c63522dfbd29d00558d3a12e4223c5b31ae3f1f174fe2068f267502c38b"
  name = "github.com/urfave/negroni"
  packages = ["."]
  pruneopts = "UT"
  revision = "fde5e16d32adc7ad637e9cd9ad21d4ebc6192535"
  version = "v0.2.0"

[[projects]]
  branch = "master"
  digest = "1:2f9538da7381bb981fb8451b2b0fb304c2bc7f1724228dc336a8f002e6fec704"
  name = "github.com/xtgo/uuid"
  packages = ["."]
  pruneopts = "UT"
  revision = "a0b114877d4caeffbd7f87e3757c17fce570fea7"

[[projects]]
  digest = "1:f006d0b1a564169d9c5b731486286a26ba8a4ed0b5aa8830599a668e3cb67953"
  name = "golang.org/x/crypto"
  packages = [
    "bcrypt",
    "blowfish",
    "ed25519",
    "ed25519/internal/edwards25519",
    "ssh/terminal",
  ]
  pruneopts = "UT"
  revision = "9419663f5a44be8b34ca85f08abc5fe1be11f8a3"

[[projects]]
  branch = "master"
  digest = "1:d6b719875cf8091fbab38527d81d34e71f4521b9ee9ccfbd4a32cff2ac5af96e"
  name = "golang.org/x/net"
  packages = [
    "context",
    "context/ctxhttp",
  ]
  pruneopts = "UT"
  revision = "f04abc6bdfa7a0171a8a0c9fd2ada9391044d056"

[[projects]]
  digest = "1:3d57c230f6800023b6fec274f38a139337b5fc0d00169a100a538eb3ef5e3da8"
  name = "golang.org/x/oauth2"
  packages = [
    ".",
    "clientcredentials",
    "internal",
  ]
  pruneopts = "UT"
  revision = "bb50c06baba3d0c76f9d125c0719093e315b5b44"

[[projects]]
  branch = "master"
  digest = "1:fc06d26f7b6384b7cd00ba98d47690c1c690bd905d8e2936bb223da74b9733ca"
  name = "golang.org/x/sys"
  packages = [
    "unix",
    "windows",
  ]
  pruneopts = "UT"
  revision = "b09afc3d579e346c4a7e4705953acaf6f9e551bd"

[[projects]]
  digest = "1:d2551122162fb14b1c39e53b632b11aa55439a1bc1fe1ab7ac580ba1999a3bf9"
  name = "golang.org/x/text"
  packages = [
    "internal/gen",
    "internal/triegen",
    "internal/ucd",
    "transform",
    "unicode/cldr",
    "unicode/norm",
  ]
  pruneopts = "UT"
  revision = "825fc78a2fd6fa0a5447e300189e3219e05e1f25"

[[projects]]
  digest = "1:52133d6859535332391e6193c8878d06347f28881111efa900392802485e9a18"
  name = "google.golang.org/appengine"
  packages = [
    "internal",
    "internal/base",
    "internal/datastore",
    "internal/log",
    "internal/remote_api",
    "internal/urlfetch",
    "urlfetch",
  ]
  pruneopts = "UT"
  revision = "07f075729064fd38e1360517947f0f6e03500651"

[[projects]]
  digest = "1:e4c627f7703fc32668066ee0a9a17afff7a822c79a2eff50280db58f5c36180c"
  name = "gopkg.in/airbrake/gobrake.v2"
  packages = ["."]
  pruneopts = "UT"
  revision = "5d77bd50d083834501349f8be70197b26963674d"
  version = "v2.0.8"

[[projects]]
  digest = "1:38b469493eb173db9c03321d64adcad4c7991ea0a19b5edc5bdc094f0e8c7384"
  name = "gopkg.in/alexcesaro/statsd.v2"
  packages = ["."]
  pruneopts = "UT"
  revision = "7fea3f0d2fab1ad973e641e51dba45443a311a90"
  version = "v2.0.0"

[[projects]]
  digest = "1:fa9a7c0ef59217bd22f32eb7cc027894d73f340a5633258cc079dec025db6a7f"
  name = "gopkg.in/gorp.v1"
  packages = ["."]
  pruneopts = "UT"
  revision = "c87af80f3cc5036b55b83d77171e156791085e2e"
  version = "v1.7.1"

[[projects]]
  digest = "1:e2fdcd941fac1d6cc11cd4ee246de811e3564e03ccc5acc2bcdb7c9b31ad0d25"
  name = "gopkg.in/square/go-jose.v2"
  packages = [
    "cipher",
    "json",
  ]
  pruneopts = "UT"
  revision = "f8f38de21b4dcd69d0413faf231983f5fd6634b1"
  version = "v2.1.3"

[[projects]]
  digest = "1:6570992c02a2137a20be83990a979b6fe892e20ecdc6b756449989b2a7efb8ae"
  name = "gopkg.in/yaml.v2"
  packages = ["."]
  pruneopts = "UT"
  revision = "eb3733d160e74a9c7e442f435eb3bea458e1d19f"

[solve-meta]
  analyzer-name = "dep"
  analyzer-version = 1
  input-imports = [
    "github.com/dgrijalva/jwt-go",
    "github.com/go-sql-driver/mysql",
    "github.com/gorilla/context",
    "github.com/gorilla/sessions",
    "github.com/imdario/mergo",
    "github.com/jmoiron/sqlx",
    "github.com/julienschmidt/httprouter",
    "github.com/lib/pq",
    "github.com/meatballhat/negroni-logrus",
    "github.com/mohae/deepcopy",
    "github.com/moul/http2curl",
    "github.com/oleiade/reflections",
    "github.com/ory/dockertest",
    "github.com/ory/fosite",
    "github.com/ory/fosite/compose",
    "github.com/ory/fosite/handler/oauth2",
    "github.com/ory/fosite/handler/openid",
    "github.com/ory/fosite/storage",
    "github.com/ory/fosite/token/hmac",
    "github.com/ory/fosite/token/jwt",
    "github.com/ory/graceful",
    "github.com/ory/herodot",
    "github.com/ory/ladon",
    "github.com/ory/ladon/manager/memory",
    "github.com/ory/ladon/manager/sql",
    "github.com/pborman/uuid",
    "github.com/pkg/errors",
    "github.com/pkg/profile",
    "github.com/rubenv/sql-migrate",
    "github.com/segmentio/analytics-go",
    "github.com/sirupsen/logrus",
    "github.com/spf13/cobra",
    "github.com/spf13/viper",
    "github.com/square/go-jose",
    "github.com/square/go-jose/json",
    "github.com/stretchr/testify/assert",
    "github.com/stretchr/testify/require",
    "github.com/toqueteos/webbrowser",
    "github.com/urfave/negroni",
    "golang.org/x/oauth2",
    "golang.org/x/oauth2/clientcredentials",
    "gopkg.in/airbrake/gobrake.v2",
    "gopkg.in/alexcesaro/statsd.v2",
    "gopkg.in/yaml.v2",
  ]
  solver-name = "gps-cdcl"
  solver-version = 1
